{
  "name": "@petercjl/sycmcli",
  "version": "0.2.2",
  "lockfileVersion": 3,
  "requires": true,
  "packages": {
    "": {
      "name": "@petercjl/sycmcli",
      "version": "0.2.2",
      "license": "MIT",
      "dependencies": {
        "write-excel-file": "^4.1.1",
        "ws": "^8.18.0"
      },
      "bin": {
        "sycmcli": "scripts/sycmcli.mjs"
      },
      "engines": {
        "node": ">=20"
      }
    },
    "node_modules/fflate": {
      "version": "0.8.3",
      "resolved": "https://registry.npmjs.org/fflate/-/fflate-0.8.3.tgz",
      "integrity": "sha512-tbZNuJrLwGUp3zshBtdy4W+ORxZuIh8a5ilyIEQDC5rY1f3U20JMry0Ll3WBzU58EZKsEuJFXhb5gwv8CsPvgA==",
      "license": "MIT"
    },
    "node_modules/write-excel-file": {
      "version": "4.1.1",
      "resolved": "https://registry.npmjs.org/write-excel-file/-/write-excel-file-4.1.1.tgz",
      "integrity": "sha512-MUnCnNtQrcZek832ZcU24uU0rSphFmKPD1DvIjXOlygVb93CV7Tme6H3jUTkxsMmjB2W7HIzERzjqTi5kui71A==",
      "license": "MIT",
      "dependencies": {
        "fflate": "^0.8.2"
      },
      "engines": {
        "node": ">=18"
      }
    },
    "node_modules/ws": {
      "version": "8.22.0",
      "resolved": "https://registry.npmjs.org/ws/-/ws-8.22.0.tgz",
      "integrity": "sha512-Ydggc987+RO0AnWtZ/7Wq9FtNvcrL1b/RO0ud9mWjUPgDrsAAwQSF51sm2hm1XofbU/4jkpGEsLFsZZxU+1DOg==",
      "license": "MIT",
      "engines": {
        "node": ">=10.0.0"
      },
      "peerDependencies": {
        "bufferutil": "^4.0.1",
        "utf-8-validate": ">=5.0.2"
      },
      "peerDependenciesMeta": {
        "bufferutil": {
          "optional": true
        },
        "utf-8-validate": {
          "optional": true
        }
      }
    }
  }
}
